
Microsoft Visual Studio Solution File, Format Version 12.00
# Visual Studio Version 16
VisualStudioVersion = 16.0.31911.196
MinimumVisualStudioVersion = 10.0.40219.1
Project("{9A19103F-16F7-4668-BE54-9A1E7A4F7556}") = "PhoneBook_", "PhoneBook\PhoneBook_.csproj", "{51BF7CF8-F196-4591-8697-A653AE292D37}"
EndProject
Project("{9A19103F-16F7-4668-BE54-9A1E7A4F7556}") = "Models", "Models\Models.csproj", "{4B678DC4-2E3E-45F0-8741-E587279E0F17}"
EndProject
Project("{9A19103F-16F7-4668-BE54-9A1E7A4F7556}") = "DataDictionary", "DataDictionary\DataDictionary.csproj", "{C171F3E0-AC63-4715-BBD0-91E45D14A0D3}"
EndProject
Project("{9A19103F-16F7-4668-BE54-9A1E7A4F7556}") = "Data", "Data\Data.csproj", "{EBE35CF7-CD5B-45FF-8EDA-900B2C8529CB}"
EndProject
Global
	GlobalSection(SolutionConfigurationPlatforms) = preSolution
		Debug|Any CPU = Debug|Any CPU
		Release|Any CPU = Release|Any CPU
	EndGlobalSection
	GlobalSection(ProjectConfigurationPlatforms) = postSolution
		{51BF7CF8-F196-4591-8697-A653AE292D37}.Debug|Any CPU.ActiveCfg = Debug|Any CPU
		{51BF7CF8-F196-4591-8697-A653AE292D37}.Debug|Any CPU.Build.0 = Debug|Any CPU
		{51BF7CF8-F196-4591-8697-A653AE292D37}.Release|Any CPU.ActiveCfg = Release|Any CPU
		{51BF7CF8-F196-4591-8697-A653AE292D37}.Release|Any CPU.Build.0 = Release|Any CPU
		{4B678DC4-2E3E-45F0-8741-E587279E0F17}.Debug|Any CPU.ActiveCfg = Debug|Any CPU
		{4B678DC4-2E3E-45F0-8741-E587279E0F17}.Debug|Any CPU.Build.0 = Debug|Any CPU
		{4B678DC4-2E3E-45F0-8741-E587279E0F17}.Release|Any CPU.ActiveCfg = Release|Any CPU
		{4B678DC4-2E3E-45F0-8741-E587279E0F17}.Release|Any CPU.Build.0 = Release|Any CPU
		{C171F3E0-AC63-4715-BBD0-91E45D14A0D3}.Debug|Any CPU.ActiveCfg = Debug|Any CPU
		{C171F3E0-AC63-4715-BBD0-91E45D14A0D3}.Debug|Any CPU.Build.0 = Debug|Any CPU
		{C171F3E0-AC63-4715-BBD0-91E45D14A0D3}.Release|Any CPU.ActiveCfg = Release|Any CPU
		{C171F3E0-AC63-4715-BBD0-91E45D14A0D3}.Release|Any CPU.Build.0 = Release|Any CPU
		{EBE35CF7-CD5B-45FF-8EDA-900B2C8529CB}.Debug|Any CPU.ActiveCfg = Debug|Any CPU
		{EBE35CF7-CD5B-45FF-8EDA-900B2C8529CB}.Debug|Any CPU.Build.0 = Debug|Any CPU
		{EBE35CF7-CD5B-45FF-8EDA-900B2C8529CB}.Release|Any CPU.ActiveCfg = Release|Any CPU
		{EBE35CF7-CD5B-45FF-8EDA-900B2C8529CB}.Release|Any CPU.Build.0 = Release|Any CPU
	EndGlobalSection
	GlobalSection(SolutionProperties) = preSolution
		HideSolutionNode = FALSE
	EndGlobalSection
	GlobalSection(ExtensibilityGlobals) = postSolution
		SolutionGuid = {7BA5298F-B5EF-43B6-9291-2721E2ADBD0B}
	EndGlobalSection
EndGlobal
